// !$*UTF8*$!
{
	archiveVersion = 1;
	classes = {
	};
	objectVersion = 77;
	objects = {

/* Begin PBXBuildFile section */
		A2DFD8032D7CACF000F115FA /* IAPManager.swift in Sources */ = {isa = PBXBuildFile; fileRef = A2DFD8022D7CACF000F115FA /* IAPManager.swift */; };
		B604BC0C2C527CE50056B9CE /* SettingsVC.swift in Sources */ = {isa = PBXBuildFile; fileRef = B604BC0B2C527CE50056B9CE /* SettingsVC.swift */; };
		B604BC0E2C5290360056B9CE /* ProBannerVC.swift in Sources */ = {isa = PBXBuildFile; fileRef = B604BC0D2C5290360056B9CE /* ProBannerVC.swift */; };
		B60CEE2B2D352B5B003205BA /* EricaOne-Regular.ttf in Resources */ = {isa = PBXBuildFile; fileRef = B60CEE2A2D352B5B003205BA /* EricaOne-Regular.ttf */; };
		B6194D472C2C865F00B6E462 /* AppDelegate.swift in Sources */ = {isa = PBXBuildFile; fileRef = B6194D462C2C865F00B6E462 /* AppDelegate.swift */; };
		B6194D492C2C865F00B6E462 /* SceneDelegate.swift in Sources */ = {isa = PBXBuildFile; fileRef = B6194D482C2C865F00B6E462 /* SceneDelegate.swift */; };
		B6194D4B2C2C865F00B6E462 /* StartVC.swift in Sources */ = {isa = PBXBuildFile; fileRef = B6194D4A2C2C865F00B6E462 /* StartVC.swift */; };
		B6194D4E2C2C865F00B6E462 /* Main.storyboard in Resources */ = {isa = PBXBuildFile; fileRef = B6194D4C2C2C865F00B6E462 /* Main.storyboard */; };
		B6194D502C2C866100B6E462 /* Assets.xcassets in Resources */ = {isa = PBXBuildFile; fileRef = B6194D4F2C2C866100B6E462 /* Assets.xcassets */; };
		B6194D532C2C866100B6E462 /* LaunchScreen.storyboard in Resources */ = {isa = PBXBuildFile; fileRef = B6194D512C2C866100B6E462 /* LaunchScreen.storyboard */; };
		B6194D5C2C2C90EA00B6E462 /* AddPlayersVC.swift in Sources */ = {isa = PBXBuildFile; fileRef = B6194D5B2C2C90EA00B6E462 /* AddPlayersVC.swift */; };
		B6194D622C2C9D7600B6E462 /* DelegateProtocols.swift in Sources */ = {isa = PBXBuildFile; fileRef = B6194D612C2C9D7600B6E462 /* DelegateProtocols.swift */; };
		B6194D642C2C9F9400B6E462 /* GameVC.swift in Sources */ = {isa = PBXBuildFile; fileRef = B6194D632C2C9F9400B6E462 /* GameVC.swift */; };
		B6385E9A2C4FE96300D5B3C2 /* OneTask.swift in Sources */ = {isa = PBXBuildFile; fileRef = B6385E992C4FE96300D5B3C2 /* OneTask.swift */; };
		B6385E9C2C4FEDCE00D5B3C2 /* WholeGame.swift in Sources */ = {isa = PBXBuildFile; fileRef = B6385E9B2C4FEDCE00D5B3C2 /* WholeGame.swift */; };
		B64A930C2C32B87900C00BA9 /* GameModeCell.swift in Sources */ = {isa = PBXBuildFile; fileRef = B64A930A2C32B87900C00BA9 /* GameModeCell.swift */; };
		B64A930D2C32B87900C00BA9 /* GameModeCell.xib in Resources */ = {isa = PBXBuildFile; fileRef = B64A930B2C32B87900C00BA9 /* GameModeCell.xib */; };
		B64A930F2C32BFEC00C00BA9 /* Constants.swift in Sources */ = {isa = PBXBuildFile; fileRef = B64A930E2C32BFEC00C00BA9 /* Constants.swift */; };
		B64A93112C32C07F00C00BA9 /* GameSelectVC.swift in Sources */ = {isa = PBXBuildFile; fileRef = B64A93102C32C07F00C00BA9 /* GameSelectVC.swift */; };
		B65FAFF22C3E706D00D9EF26 /* TableViewTextCell.swift in Sources */ = {isa = PBXBuildFile; fileRef = B65FAFF02C3E706D00D9EF26 /* TableViewTextCell.swift */; };
		B65FAFF32C3E706D00D9EF26 /* TableViewTextCell.xib in Resources */ = {isa = PBXBuildFile; fileRef = B65FAFF12C3E706D00D9EF26 /* TableViewTextCell.xib */; };
		B6D3BEBD2CCD03B200D635FF /* SubscriptionManager.swift in Sources */ = {isa = PBXBuildFile; fileRef = B6D3BEBC2CCD03B200D635FF /* SubscriptionManager.swift */; };
/* End PBXBuildFile section */

/* Begin PBXFileReference section */
		A2DFD8022D7CACF000F115FA /* IAPManager.swift */ = {isa = PBXFileReference; lastKnownFileType = sourcecode.swift; path = IAPManager.swift; sourceTree = "<group>"; };
		B604BC0B2C527CE50056B9CE /* SettingsVC.swift */ = {isa = PBXFileReference; lastKnownFileType = sourcecode.swift; path = SettingsVC.swift; sourceTree = "<group>"; };
		B604BC0D2C5290360056B9CE /* ProBannerVC.swift */ = {isa = PBXFileReference; lastKnownFileType = sourcecode.swift; path = ProBannerVC.swift; sourceTree = "<group>"; };
		B60CEE2A2D352B5B003205BA /* EricaOne-Regular.ttf */ = {isa = PBXFileReference; lastKnownFileType = file; path = "EricaOne-Regular.ttf"; sourceTree = "<group>"; };
		B6194D432C2C865F00B6E462 /* Juomapeli.app */ = {isa = PBXFileReference; explicitFileType = wrapper.application; includeInIndex = 0; path = Juomapeli.app; sourceTree = BUILT_PRODUCTS_DIR; };
		B6194D462C2C865F00B6E462 /* AppDelegate.swift */ = {isa = PBXFileReference; lastKnownFileType = sourcecode.swift; path = AppDelegate.swift; sourceTree = "<group>"; };
		B6194D482C2C865F00B6E462 /* SceneDelegate.swift */ = {isa = PBXFileReference; lastKnownFileType = sourcecode.swift; path = SceneDelegate.swift; sourceTree = "<group>"; };
		B6194D4A2C2C865F00B6E462 /* StartVC.swift */ = {isa = PBXFileReference; lastKnownFileType = sourcecode.swift; path = StartVC.swift; sourceTree = "<group>"; };
		B6194D4D2C2C865F00B6E462 /* Base */ = {isa = PBXFileReference; lastKnownFileType = file.storyboard; name = Base; path = Base.lproj/Main.storyboard; sourceTree = "<group>"; };
		B6194D4F2C2C866100B6E462 /* Assets.xcassets */ = {isa = PBXFileReference; lastKnownFileType = folder.assetcatalog; path = Assets.xcassets; sourceTree = "<group>"; };
		B6194D522C2C866100B6E462 /* Base */ = {isa = PBXFileReference; lastKnownFileType = file.storyboard; name = Base; path = Base.lproj/LaunchScreen.storyboard; sourceTree = "<group>"; };
		B6194D542C2C866100B6E462 /* Info.plist */ = {isa = PBXFileReference; lastKnownFileType = text.plist.xml; path = Info.plist; sourceTree = "<group>"; };
		B6194D5B2C2C90EA00B6E462 /* AddPlayersVC.swift */ = {isa = PBXFileReference; lastKnownFileType = sourcecode.swift; path = AddPlayersVC.swift; sourceTree = "<group>"; };
		B6194D612C2C9D7600B6E462 /* DelegateProtocols.swift */ = {isa = PBXFileReference; lastKnownFileType = sourcecode.swift; path = DelegateProtocols.swift; sourceTree = "<group>"; };
		B6194D632C2C9F9400B6E462 /* GameVC.swift */ = {isa = PBXFileReference; lastKnownFileType = sourcecode.swift; path = GameVC.swift; sourceTree = "<group>"; };
		B6385E992C4FE96300D5B3C2 /* OneTask.swift */ = {isa = PBXFileReference; lastKnownFileType = sourcecode.swift; path = OneTask.swift; sourceTree = "<group>"; };
		B6385E9B2C4FEDCE00D5B3C2 /* WholeGame.swift */ = {isa = PBXFileReference; lastKnownFileType = sourcecode.swift; path = WholeGame.swift; sourceTree = "<group>"; };
		B64A930A2C32B87900C00BA9 /* GameModeCell.swift */ = {isa = PBXFileReference; lastKnownFileType = sourcecode.swift; path = GameModeCell.swift; sourceTree = "<group>"; };
		B64A930B2C32B87900C00BA9 /* GameModeCell.xib */ = {isa = PBXFileReference; lastKnownFileType = file.xib; path = GameModeCell.xib; sourceTree = "<group>"; };
		B64A930E2C32BFEC00C00BA9 /* Constants.swift */ = {isa = PBXFileReference; lastKnownFileType = sourcecode.swift; path = Constants.swift; sourceTree = "<group>"; };
		B64A93102C32C07F00C00BA9 /* GameSelectVC.swift */ = {isa = PBXFileReference; lastKnownFileType = sourcecode.swift; path = GameSelectVC.swift; sourceTree = "<group>"; };
		B65FAFF02C3E706D00D9EF26 /* TableViewTextCell.swift */ = {isa = PBXFileReference; lastKnownFileType = sourcecode.swift; path = TableViewTextCell.swift; sourceTree = "<group>"; };
		B65FAFF12C3E706D00D9EF26 /* TableViewTextCell.xib */ = {isa = PBXFileReference; lastKnownFileType = file.xib; path = TableViewTextCell.xib; sourceTree = "<group>"; };
		B6D3BEBC2CCD03B200D635FF /* SubscriptionManager.swift */ = {isa = PBXFileReference; lastKnownFileType = sourcecode.swift; path = SubscriptionManager.swift; sourceTree = "<group>"; };
/* End PBXFileReference section */

/* Begin PBXFrameworksBuildPhase section */
		B6194D402C2C865F00B6E462 /* Frameworks */ = {
			isa = PBXFrameworksBuildPhase;
			buildActionMask = 2147483647;
			files = (
			);
			runOnlyForDeploymentPostprocessing = 0;
		};
/* End PBXFrameworksBuildPhase section */

/* Begin PBXGroup section */
		B60E455A2C304E6700F1B627 /* View */ = {
			isa = PBXGroup;
			children = (
				B6194D4C2C2C865F00B6E462 /* Main.storyboard */,
			);
			path = View;
			sourceTree = "<group>";
		};
		B6194D3A2C2C865F00B6E462 = {
			isa = PBXGroup;
			children = (
				B60CEE2A2D352B5B003205BA /* EricaOne-Regular.ttf */,
				B6194D452C2C865F00B6E462 /* Juomapeli */,
				B6194D442C2C865F00B6E462 /* Products */,
			);
			sourceTree = "<group>";
		};
		B6194D442C2C865F00B6E462 /* Products */ = {
			isa = PBXGroup;
			children = (
				B6194D432C2C865F00B6E462 /* Juomapeli.app */,
			);
			name = Products;
			sourceTree = "<group>";
		};
		B6194D452C2C865F00B6E462 /* Juomapeli */ = {
			isa = PBXGroup;
			children = (
				B6378B9C2C611940001A958F /* CustomCells */,
				B6194D652C2CA1C200B6E462 /* Model */,
				B6194D5A2C2C90D700B6E462 /* Control */,
				B60E455A2C304E6700F1B627 /* View */,
				B6194D4F2C2C866100B6E462 /* Assets.xcassets */,
				B6194D512C2C866100B6E462 /* LaunchScreen.storyboard */,
				B6194D542C2C866100B6E462 /* Info.plist */,
			);
			path = Juomapeli;
			sourceTree = "<group>";
		};
		B6194D5A2C2C90D700B6E462 /* Control */ = {
			isa = PBXGroup;
			children = (
				B6194D4A2C2C865F00B6E462 /* StartVC.swift */,
				B6194D5B2C2C90EA00B6E462 /* AddPlayersVC.swift */,
				B64A93102C32C07F00C00BA9 /* GameSelectVC.swift */,
				B6194D632C2C9F9400B6E462 /* GameVC.swift */,
				B604BC0B2C527CE50056B9CE /* SettingsVC.swift */,
				B604BC0D2C5290360056B9CE /* ProBannerVC.swift */,
			);
			path = Control;
			sourceTree = "<group>";
		};
		B6194D652C2CA1C200B6E462 /* Model */ = {
			isa = PBXGroup;
			children = (
				B6194D462C2C865F00B6E462 /* AppDelegate.swift */,
				B6D3BEBC2CCD03B200D635FF /* SubscriptionManager.swift */,
				B6194D482C2C865F00B6E462 /* SceneDelegate.swift */,
				B6194D612C2C9D7600B6E462 /* DelegateProtocols.swift */,
				B64A930E2C32BFEC00C00BA9 /* Constants.swift */,
				B6385E992C4FE96300D5B3C2 /* OneTask.swift */,
				B6385E9B2C4FEDCE00D5B3C2 /* WholeGame.swift */,
				A2DFD8022D7CACF000F115FA /* IAPManager.swift */,
			);
			path = Model;
			sourceTree = "<group>";
		};
		B6378B9C2C611940001A958F /* CustomCells */ = {
			isa = PBXGroup;
			children = (
				B64A930A2C32B87900C00BA9 /* GameModeCell.swift */,
				B64A930B2C32B87900C00BA9 /* GameModeCell.xib */,
				B65FAFF02C3E706D00D9EF26 /* TableViewTextCell.swift */,
				B65FAFF12C3E706D00D9EF26 /* TableViewTextCell.xib */,
			);
			path = CustomCells;
			sourceTree = "<group>";
		};
/* End PBXGroup section */

/* Begin PBXNativeTarget section */
		B6194D422C2C865F00B6E462 /* Juomapeli */ = {
			isa = PBXNativeTarget;
			buildConfigurationList = B6194D572C2C866100B6E462 /* Build configuration list for PBXNativeTarget "Juomapeli" */;
			buildPhases = (
				B6194D3F2C2C865F00B6E462 /* Sources */,
				B6194D402C2C865F00B6E462 /* Frameworks */,
				B6194D412C2C865F00B6E462 /* Resources */,
			);
			buildRules = (
			);
			dependencies = (
			);
			name = Juomapeli;
			productName = Juomapeli;
			productReference = B6194D432C2C865F00B6E462 /* Juomapeli.app */;
			productType = "com.apple.product-type.application";
		};
/* End PBXNativeTarget section */

/* Begin PBXProject section */
		B6194D3B2C2C865F00B6E462 /* Project object */ = {
			isa = PBXProject;
			attributes = {
				BuildIndependentTargetsInParallel = 1;
				LastSwiftUpdateCheck = 1420;
				LastUpgradeCheck = 1420;
				TargetAttributes = {
					B6194D422C2C865F00B6E462 = {
						CreatedOnToolsVersion = 14.2;
					};
				};
			};
			buildConfigurationList = B6194D3E2C2C865F00B6E462 /* Build configuration list for PBXProject "Juomapeli" */;
			developmentRegion = en;
			hasScannedForEncodings = 0;
			knownRegions = (
				en,
				Base,
			);
			mainGroup = B6194D3A2C2C865F00B6E462;
			preferredProjectObjectVersion = 77;
			productRefGroup = B6194D442C2C865F00B6E462 /* Products */;
			projectDirPath = "";
			projectRoot = "";
			targets = (
				B6194D422C2C865F00B6E462 /* Juomapeli */,
			);
		};
/* End PBXProject section */

/* Begin PBXResourcesBuildPhase section */
		B6194D412C2C865F00B6E462 /* Resources */ = {
			isa = PBXResourcesBuildPhase;
			buildActionMask = 2147483647;
			files = (
				B6194D532C2C866100B6E462 /* LaunchScreen.storyboard in Resources */,
				B65FAFF32C3E706D00D9EF26 /* TableViewTextCell.xib in Resources */,
				B64A930D2C32B87900C00BA9 /* GameModeCell.xib in Resources */,
				B60CEE2B2D352B5B003205BA /* EricaOne-Regular.ttf in Resources */,
				B6194D502C2C866100B6E462 /* Assets.xcassets in Resources */,
				B6194D4E2C2C865F00B6E462 /* Main.storyboard in Resources */,
			);
			runOnlyForDeploymentPostprocessing = 0;
		};
/* End PBXResourcesBuildPhase section */

/* Begin PBXSourcesBuildPhase section */
		B6194D3F2C2C865F00B6E462 /* Sources */ = {
			isa = PBXSourcesBuildPhase;
			buildActionMask = 2147483647;
			files = (
				A2DFD8032D7CACF000F115FA /* IAPManager.swift in Sources */,
				B65FAFF22C3E706D00D9EF26 /* TableViewTextCell.swift in Sources */,
				B64A93112C32C07F00C00BA9 /* GameSelectVC.swift in Sources */,
				B604BC0E2C5290360056B9CE /* ProBannerVC.swift in Sources */,
				B64A930C2C32B87900C00BA9 /* GameModeCell.swift in Sources */,
				B604BC0C2C527CE50056B9CE /* SettingsVC.swift in Sources */,
				B6194D5C2C2C90EA00B6E462 /* AddPlayersVC.swift in Sources */,
				B6194D622C2C9D7600B6E462 /* DelegateProtocols.swift in Sources */,
				B64A930F2C32BFEC00C00BA9 /* Constants.swift in Sources */,
				B6194D4B2C2C865F00B6E462 /* StartVC.swift in Sources */,
				B6385E9C2C4FEDCE00D5B3C2 /* WholeGame.swift in Sources */,
				B6194D472C2C865F00B6E462 /* AppDelegate.swift in Sources */,
				B6D3BEBD2CCD03B200D635FF /* SubscriptionManager.swift in Sources */,
				B6385E9A2C4FE96300D5B3C2 /* OneTask.swift in Sources */,
				B6194D642C2C9F9400B6E462 /* GameVC.swift in Sources */,
				B6194D492C2C865F00B6E462 /* SceneDelegate.swift in Sources */,
			);
			runOnlyForDeploymentPostprocessing = 0;
		};
/* End PBXSourcesBuildPhase section */

/* Begin PBXVariantGroup section */
		B6194D4C2C2C865F00B6E462 /* Main.storyboard */ = {
			isa = PBXVariantGroup;
			children = (
				B6194D4D2C2C865F00B6E462 /* Base */,
			);
			name = Main.storyboard;
			sourceTree = "<group>";
		};
		B6194D512C2C866100B6E462 /* LaunchScreen.storyboard */ = {
			isa = PBXVariantGroup;
			children = (
				B6194D522C2C866100B6E462 /* Base */,
			);
			name = LaunchScreen.storyboard;
			sourceTree = "<group>";
		};
/* End PBXVariantGroup section */

/* Begin XCBuildConfiguration section */
		B6194D552C2C866100B6E462 /* Debug */ = {
			isa = XCBuildConfiguration;
			buildSettings = {
				ALWAYS_SEARCH_USER_PATHS = NO;
				CLANG_ANALYZER_NONNULL = YES;
				CLANG_ANALYZER_NUMBER_OBJECT_CONVERSION = YES_AGGRESSIVE;
				CLANG_CXX_LANGUAGE_STANDARD = "gnu++20";
				CLANG_ENABLE_MODULES = YES;
				CLANG_ENABLE_OBJC_ARC = YES;
				CLANG_ENABLE_OBJC_WEAK = YES;
				CLANG_WARN_BLOCK_CAPTURE_AUTORELEASING = YES;
				CLANG_WARN_BOOL_CONVERSION = YES;
				CLANG_WARN_COMMA = YES;
				CLANG_WARN_CONSTANT_CONVERSION = YES;
				CLANG_WARN_DEPRECATED_OBJC_IMPLEMENTATIONS = YES;
				CLANG_WARN_DIRECT_OBJC_ISA_USAGE = YES_ERROR;
				CLANG_WARN_DOCUMENTATION_COMMENTS = YES;
				CLANG_WARN_EMPTY_BODY = YES;
				CLANG_WARN_ENUM_CONVERSION = YES;
				CLANG_WARN_INFINITE_RECURSION = YES;
				CLANG_WARN_INT_CONVERSION = YES;
				CLANG_WARN_NON_LITERAL_NULL_CONVERSION = YES;
				CLANG_WARN_OBJC_IMPLICIT_RETAIN_SELF = YES;
				CLANG_WARN_OBJC_LITERAL_CONVERSION = YES;
				CLANG_WARN_OBJC_ROOT_CLASS = YES_ERROR;
				CLANG_WARN_QUOTED_INCLUDE_IN_FRAMEWORK_HEADER = YES;
				CLANG_WARN_RANGE_LOOP_ANALYSIS = YES;
				CLANG_WARN_STRICT_PROTOTYPES = YES;
				CLANG_WARN_SUSPICIOUS_MOVE = YES;
				CLANG_WARN_UNGUARDED_AVAILABILITY = YES_AGGRESSIVE;
				CLANG_WARN_UNREACHABLE_CODE = YES;
				CLANG_WARN__DUPLICATE_METHOD_MATCH = YES;
				COPY_PHASE_STRIP = NO;
				DEBUG_INFORMATION_FORMAT = dwarf;
				ENABLE_STRICT_OBJC_MSGSEND = YES;
				ENABLE_TESTABILITY = YES;
				GCC_C_LANGUAGE_STANDARD = gnu11;
				GCC_DYNAMIC_NO_PIC = NO;
				GCC_NO_COMMON_BLOCKS = YES;
				GCC_OPTIMIZATION_LEVEL = 0;
				GCC_PREPROCESSOR_DEFINITIONS = (
					"DEBUG=1",
					"$(inherited)",
				);
				GCC_WARN_64_TO_32_BIT_CONVERSION = YES;
				GCC_WARN_ABOUT_RETURN_TYPE = YES_ERROR;
				GCC_WARN_UNDECLARED_SELECTOR = YES;
				GCC_WARN_UNINITIALIZED_AUTOS = YES_AGGRESSIVE;
				GCC_WARN_UNUSED_FUNCTION = YES;
				GCC_WARN_UNUSED_VARIABLE = YES;
				IPHONEOS_DEPLOYMENT_TARGET = 16.2;
				MTL_ENABLE_DEBUG_INFO = INCLUDE_SOURCE;
				MTL_FAST_MATH = YES;
				ONLY_ACTIVE_ARCH = YES;
				SDKROOT = iphoneos;
				SWIFT_ACTIVE_COMPILATION_CONDITIONS = DEBUG;
				SWIFT_OPTIMIZATION_LEVEL = "-Onone";
			};
			name = Debug;
		};
		B6194D562C2C866100B6E462 /* Release */ = {
			isa = XCBuildConfiguration;
			buildSettings = {
				ALWAYS_SEARCH_USER_PATHS = NO;
				CLANG_ANALYZER_NONNULL = YES;
				CLANG_ANALYZER_NUMBER_OBJECT_CONVERSION = YES_AGGRESSIVE;
				CLANG_CXX_LANGUAGE_STANDARD = "gnu++20";
				CLANG_ENABLE_MODULES = YES;
				CLANG_ENABLE_OBJC_ARC = YES;
				CLANG_ENABLE_OBJC_WEAK = YES;
				CLANG_WARN_BLOCK_CAPTURE_AUTORELEASING = YES;
				CLANG_WARN_BOOL_CONVERSION = YES;
				CLANG_WARN_COMMA = YES;
				CLANG_WARN_CONSTANT_CONVERSION = YES;
				CLANG_WARN_DEPRECATED_OBJC_IMPLEMENTATIONS = YES;
				CLANG_WARN_DIRECT_OBJC_ISA_USAGE = YES_ERROR;
				CLANG_WARN_DOCUMENTATION_COMMENTS = YES;
				CLANG_WARN_EMPTY_BODY = YES;
				CLANG_WARN_ENUM_CONVERSION = YES;
				CLANG_WARN_INFINITE_RECURSION = YES;
				CLANG_WARN_INT_CONVERSION = YES;
				CLANG_WARN_NON_LITERAL_NULL_CONVERSION = YES;
				CLANG_WARN_OBJC_IMPLICIT_RETAIN_SELF = YES;
				CLANG_WARN_OBJC_LITERAL_CONVERSION = YES;
				CLANG_WARN_OBJC_ROOT_CLASS = YES_ERROR;
				CLANG_WARN_QUOTED_INCLUDE_IN_FRAMEWORK_HEADER = YES;
				CLANG_WARN_RANGE_LOOP_ANALYSIS = YES;
				CLANG_WARN_STRICT_PROTOTYPES = YES;
				CLANG_WARN_SUSPICIOUS_MOVE = YES;
				CLANG_WARN_UNGUARDED_AVAILABILITY = YES_AGGRESSIVE;
				CLANG_WARN_UNREACHABLE_CODE = YES;
				CLANG_WARN__DUPLICATE_METHOD_MATCH = YES;
				COPY_PHASE_STRIP = NO;
				DEBUG_INFORMATION_FORMAT = "dwarf-with-dsym";
				ENABLE_NS_ASSERTIONS = NO;
				ENABLE_STRICT_OBJC_MSGSEND = YES;
				GCC_C_LANGUAGE_STANDARD = gnu11;
				GCC_NO_COMMON_BLOCKS = YES;
				GCC_WARN_64_TO_32_BIT_CONVERSION = YES;
				GCC_WARN_ABOUT_RETURN_TYPE = YES_ERROR;
				GCC_WARN_UNDECLARED_SELECTOR = YES;
				GCC_WARN_UNINITIALIZED_AUTOS = YES_AGGRESSIVE;
				GCC_WARN_UNUSED_FUNCTION = YES;
				GCC_WARN_UNUSED_VARIABLE = YES;
				IPHONEOS_DEPLOYMENT_TARGET = 16.2;
				MTL_ENABLE_DEBUG_INFO = NO;
				MTL_FAST_MATH = YES;
				SDKROOT = iphoneos;
				SWIFT_COMPILATION_MODE = wholemodule;
				SWIFT_OPTIMIZATION_LEVEL = "-O";
				VALIDATE_PRODUCT = YES;
			};
			name = Release;
		};
		B6194D582C2C866100B6E462 /* Debug */ = {
			isa = XCBuildConfiguration;
			buildSettings = {
				ASSETCATALOG_COMPILER_APPICON_NAME = AppIcon;
				ASSETCATALOG_COMPILER_GLOBAL_ACCENT_COLOR_NAME = AccentColor;
				CODE_SIGN_IDENTITY = "Apple Development";
				CODE_SIGN_STYLE = Automatic;
				CURRENT_PROJECT_VERSION = 1;
				DEVELOPMENT_TEAM = Q2TQZ8WL57;
				GENERATE_INFOPLIST_FILE = YES;
				INFOPLIST_FILE = Juomapeli/Info.plist;
				INFOPLIST_KEY_CFBundleDisplayName = "Juhlapeli Cup";
				INFOPLIST_KEY_UIApplicationSupportsIndirectInputEvents = YES;
				INFOPLIST_KEY_UILaunchStoryboardName = LaunchScreen;
				INFOPLIST_KEY_UIMainStoryboardFile = Main;
				INFOPLIST_KEY_UISupportedInterfaceOrientations_iPad = "UIInterfaceOrientationPortrait UIInterfaceOrientationPortraitUpsideDown UIInterfaceOrientationLandscapeLeft UIInterfaceOrientationLandscapeRight";
				INFOPLIST_KEY_UISupportedInterfaceOrientations_iPhone = "UIInterfaceOrientationPortrait UIInterfaceOrientationLandscapeLeft UIInterfaceOrientationLandscapeRight";
				IPHONEOS_DEPLOYMENT_TARGET = 15;
				LD_RUNPATH_SEARCH_PATHS = (
					"$(inherited)",
					"@executable_path/Frameworks",
				);
				MARKETING_VERSION = 2.2;
				PRODUCT_BUNDLE_IDENTIFIER = com.veikko.Juomapeli;
				PRODUCT_NAME = "$(TARGET_NAME)";
				PROVISIONING_PROFILE_SPECIFIER = "";
				SWIFT_EMIT_LOC_STRINGS = YES;
				SWIFT_VERSION = 5.0;
				TARGETED_DEVICE_FAMILY = "1,2";
			};
			name = Debug;
		};
		B6194D592C2C866100B6E462 /* Release */ = {
			isa = XCBuildConfiguration;
			buildSettings = {
				ASSETCATALOG_COMPILER_APPICON_NAME = AppIcon;
				ASSETCATALOG_COMPILER_GLOBAL_ACCENT_COLOR_NAME = AccentColor;
				CODE_SIGN_IDENTITY = "Apple Development";
				CODE_SIGN_STYLE = Automatic;
				CURRENT_PROJECT_VERSION = 1;
				DEVELOPMENT_TEAM = Q2TQZ8WL57;
				GENERATE_INFOPLIST_FILE = YES;
				INFOPLIST_FILE = Juomapeli/Info.plist;
				INFOPLIST_KEY_CFBundleDisplayName = "Juhlapeli Cup";
				INFOPLIST_KEY_UIApplicationSupportsIndirectInputEvents = YES;
				INFOPLIST_KEY_UILaunchStoryboardName = LaunchScreen;
				INFOPLIST_KEY_UIMainStoryboardFile = Main;
				INFOPLIST_KEY_UISupportedInterfaceOrientations_iPad = "UIInterfaceOrientationPortrait UIInterfaceOrientationPortraitUpsideDown UIInterfaceOrientationLandscapeLeft UIInterfaceOrientationLandscapeRight";
				INFOPLIST_KEY_UISupportedInterfaceOrientations_iPhone = "UIInterfaceOrientationPortrait UIInterfaceOrientationLandscapeLeft UIInterfaceOrientationLandscapeRight";
				IPHONEOS_DEPLOYMENT_TARGET = 15;
				LD_RUNPATH_SEARCH_PATHS = (
					"$(inherited)",
					"@executable_path/Frameworks",
				);
				MARKETING_VERSION = 2.2;
				PRODUCT_BUNDLE_IDENTIFIER = com.veikko.Juomapeli;
				PRODUCT_NAME = "$(TARGET_NAME)";
				PROVISIONING_PROFILE_SPECIFIER = "";
				SWIFT_EMIT_LOC_STRINGS = YES;
				SWIFT_VERSION = 5.0;
				TARGETED_DEVICE_FAMILY = "1,2";
			};
			name = Release;
		};
/* End XCBuildConfiguration section */

/* Begin XCConfigurationList section */
		B6194D3E2C2C865F00B6E462 /* Build configuration list for PBXProject "Juomapeli" */ = {
			isa = XCConfigurationList;
			buildConfigurations = (
				B6194D552C2C866100B6E462 /* Debug */,
				B6194D562C2C866100B6E462 /* Release */,
			);
			defaultConfigurationIsVisible = 0;
			defaultConfigurationName = Release;
		};
		B6194D572C2C866100B6E462 /* Build configuration list for PBXNativeTarget "Juomapeli" */ = {
			isa = XCConfigurationList;
			buildConfigurations = (
				B6194D582C2C866100B6E462 /* Debug */,
				B6194D592C2C866100B6E462 /* Release */,
			);
			defaultConfigurationIsVisible = 0;
			defaultConfigurationName = Release;
		};
/* End XCConfigurationList section */
	};
	rootObject = B6194D3B2C2C865F00B6E462 /* Project object */;
}
